
Microsoft Visual Studio Solution File, Format Version 12.00
# Visual Studio Version 16
VisualStudioVersion = 16.0.32413.511
MinimumVisualStudioVersion = 10.0.40219.1
Project("{9A19103F-16F7-4668-BE54-9A1E7A4F7556}") = "Decompositor", "Decompositor\Decompositor.csproj", "{86D73798-CA81-465A-A66F-09F6F4E39096}"
EndProject
Project("{9A19103F-16F7-4668-BE54-9A1E7A4F7556}") = "Decompositor.Interface", "Decompositor.Interface\Decompositor.Interface.csproj", "{D3EA3E19-5445-491D-8DB8-E3992984F0EC}"
EndProject
Project("{9A19103F-16F7-4668-BE54-9A1E7A4F7556}") = "Decompositor.Servicos", "Decompositor.Servicos\Decompositor.Servicos.csproj", "{B0E125FD-2D60-4EF9-9479-AAF7BBAB6E87}"
EndProject
Project("{9A19103F-16F7-4668-BE54-9A1E7A4F7556}") = "Decompositor.Testes", "Decompositor.Testes\Decompositor.Testes.csproj", "{2D1544A5-75C1-4D0C-BCD5-4EDEB088B894}"
EndProject
Project("{FAE04EC0-301F-11D3-BF4B-00C04F79EFBC}") = "Decompositor.API", "Decompositor.API\Decompositor.API.csproj", "{E5F101EF-A598-4A3F-B380-6AB7F8A474C8}"
EndProject
Global
	GlobalSection(SolutionConfigurationPlatforms) = preSolution
		Debug|Any CPU = Debug|Any CPU
		Release|Any CPU = Release|Any CPU
	EndGlobalSection
	GlobalSection(ProjectConfigurationPlatforms) = postSolution
		{86D73798-CA81-465A-A66F-09F6F4E39096}.Debug|Any CPU.ActiveCfg = Debug|Any CPU
		{86D73798-CA81-465A-A66F-09F6F4E39096}.Debug|Any CPU.Build.0 = Debug|Any CPU
		{86D73798-CA81-465A-A66F-09F6F4E39096}.Release|Any CPU.ActiveCfg = Release|Any CPU
		{86D73798-CA81-465A-A66F-09F6F4E39096}.Release|Any CPU.Build.0 = Release|Any CPU
		{D3EA3E19-5445-491D-8DB8-E3992984F0EC}.Debug|Any CPU.ActiveCfg = Debug|Any CPU
		{D3EA3E19-5445-491D-8DB8-E3992984F0EC}.Debug|Any CPU.Build.0 = Debug|Any CPU
		{D3EA3E19-5445-491D-8DB8-E3992984F0EC}.Release|Any CPU.ActiveCfg = Release|Any CPU
		{D3EA3E19-5445-491D-8DB8-E3992984F0EC}.Release|Any CPU.Build.0 = Release|Any CPU
		{B0E125FD-2D60-4EF9-9479-AAF7BBAB6E87}.Debug|Any CPU.ActiveCfg = Debug|Any CPU
		{B0E125FD-2D60-4EF9-9479-AAF7BBAB6E87}.Debug|Any CPU.Build.0 = Debug|Any CPU
		{B0E125FD-2D60-4EF9-9479-AAF7BBAB6E87}.Release|Any CPU.ActiveCfg = Release|Any CPU
		{B0E125FD-2D60-4EF9-9479-AAF7BBAB6E87}.Release|Any CPU.Build.0 = Release|Any CPU
		{2D1544A5-75C1-4D0C-BCD5-4EDEB088B894}.Debug|Any CPU.ActiveCfg = Debug|Any CPU
		{2D1544A5-75C1-4D0C-BCD5-4EDEB088B894}.Debug|Any CPU.Build.0 = Debug|Any CPU
		{2D1544A5-75C1-4D0C-BCD5-4EDEB088B894}.Release|Any CPU.ActiveCfg = Release|Any CPU
		{2D1544A5-75C1-4D0C-BCD5-4EDEB088B894}.Release|Any CPU.Build.0 = Release|Any CPU
		{E5F101EF-A598-4A3F-B380-6AB7F8A474C8}.Debug|Any CPU.ActiveCfg = Debug|Any CPU
		{E5F101EF-A598-4A3F-B380-6AB7F8A474C8}.Debug|Any CPU.Build.0 = Debug|Any CPU
		{E5F101EF-A598-4A3F-B380-6AB7F8A474C8}.Release|Any CPU.ActiveCfg = Release|Any CPU
		{E5F101EF-A598-4A3F-B380-6AB7F8A474C8}.Release|Any CPU.Build.0 = Release|Any CPU
	EndGlobalSection
	GlobalSection(SolutionProperties) = preSolution
		HideSolutionNode = FALSE
	EndGlobalSection
	GlobalSection(ExtensibilityGlobals) = postSolution
		SolutionGuid = {676CCB62-C715-4512-AE68-D93299714E13}
	EndGlobalSection
EndGlobal
